
Microsoft Visual Studio Solution File, Format Version 12.00
# Visual Studio Version 16
VisualStudioVersion = 16.0.31129.286
MinimumVisualStudioVersion = 10.0.40219.1
Project("{FAE04EC0-301F-11D3-BF4B-00C04F79EFBC}") = "Gestion_PFE", "Gestion_PFE\Gestion_PFE.csproj", "{DC5B6A82-5B63-4D90-B881-73B56AE43770}"
EndProject
Global
	GlobalSection(SolutionConfigurationPlatforms) = preSolution
		Debug|Any CPU = Debug|Any CPU
		Release|Any CPU = Release|Any CPU
	EndGlobalSection
	GlobalSection(ProjectConfigurationPlatforms) = postSolution
		{DC5B6A82-5B63-4D90-B881-73B56AE43770}.Debug|Any CPU.ActiveCfg = Debug|Any CPU
		{DC5B6A82-5B63-4D90-B881-73B56AE43770}.Debug|Any CPU.Build.0 = Debug|Any CPU
		{DC5B6A82-5B63-4D90-B881-73B56AE43770}.Release|Any CPU.ActiveCfg = Release|Any CPU
		{DC5B6A82-5B63-4D90-B881-73B56AE43770}.Release|Any CPU.Build.0 = Release|Any CPU
	EndGlobalSection
	GlobalSection(SolutionProperties) = preSolution
		HideSolutionNode = FALSE
	EndGlobalSection
	GlobalSection(ExtensibilityGlobals) = postSolution
		SolutionGuid = {343F3F2E-4C72-46B2-94FA-55350C1EC547}
	EndGlobalSection
EndGlobal
